// !$*UTF8*$!
{
	archiveVersion = 1;
	classes = {
	};
	objectVersion = 50;
	objects = {

/* Begin PBXBuildFile section */
		EBA8869C26BBBB16000ABF50 /* PagedApp.swift in Sources */ = {isa = PBXBuildFile; fileRef = EBA8869B26BBBB16000ABF50 /* PagedApp.swift */; };
		EBA8869E26BBBB16000ABF50 /* ContentView.swift in Sources */ = {isa = PBXBuildFile; fileRef = EBA8869D26BBBB16000ABF50 /* ContentView.swift */; };
		EBA886A026BBBB17000ABF50 /* Assets.xcassets in Resources */ = {isa = PBXBuildFile; fileRef = EBA8869F26BBBB17000ABF50 /* Assets.xcassets */; };
		EBA886A326BBBB17000ABF50 /* Preview Assets.xcassets in Resources */ = {isa = PBXBuildFile; fileRef = EBA886A226BBBB17000ABF50 /* Preview Assets.xcassets */; };
		EBA886AB26BBBB33000ABF50 /* ExerciseView.swift in Sources */ = {isa = PBXBuildFile; fileRef = EBA886AA26BBBB33000ABF50 /* ExerciseView.swift */; };
		EBA886AD26BBBBC7000ABF50 /* WelcomeView.swift in Sources */ = {isa = PBXBuildFile; fileRef = EBA886AC26BBBBC7000ABF50 /* WelcomeView.swift */; };
/* End PBXBuildFile section */

/* Begin PBXFileReference section */
		EBA8869826BBBB16000ABF50 /* Paged.app */ = {isa = PBXFileReference; explicitFileType = wrapper.application; includeInIndex = 0; path = Paged.app; sourceTree = BUILT_PRODUCTS_DIR; };
		EBA8869B26BBBB16000ABF50 /* PagedApp.swift */ = {isa = PBXFileReference; lastKnownFileType = sourcecode.swift; path = PagedApp.swift; sourceTree = "<group>"; };
		EBA8869D26BBBB16000ABF50 /* ContentView.swift */ = {isa = PBXFileReference; lastKnownFileType = sourcecode.swift; path = ContentView.swift; sourceTree = "<group>"; };
		EBA8869F26BBBB17000ABF50 /* Assets.xcassets */ = {isa = PBXFileReference; lastKnownFileType = folder.assetcatalog; path = Assets.xcassets; sourceTree = "<group>"; };
		EBA886A226BBBB17000ABF50 /* Preview Assets.xcassets */ = {isa = PBXFileReference; lastKnownFileType = folder.assetcatalog; path = "Preview Assets.xcassets"; sourceTree = "<group>"; };
		EBA886A426BBBB17000ABF50 /* Info.plist */ = {isa = PBXFileReference; lastKnownFileType = text.plist.xml; path = Info.plist; sourceTree = "<group>"; };
		EBA886AA26BBBB33000ABF50 /* ExerciseView.swift */ = {isa = PBXFileReference; lastKnownFileType = sourcecode.swift; path = ExerciseView.swift; sourceTree = "<group>"; };
		EBA886AC26BBBBC7000ABF50 /* WelcomeView.swift */ = {isa = PBXFileReference; lastKnownFileType = sourcecode.swift; path = WelcomeView.swift; sourceTree = "<group>"; };
/* End PBXFileReference section */

/* Begin PBXFrameworksBuildPhase section */
		EBA8869526BBBB16000ABF50 /* Frameworks */ = {
			isa = PBXFrameworksBuildPhase;
			buildActionMask = 2147483647;
			files = (
			);
			runOnlyForDeploymentPostprocessing = 0;
		};
/* End PBXFrameworksBuildPhase section */

/* Begin PBXGroup section */
		EB0E076826BBC0BC0080BFD4 /* Views */ = {
			isa = PBXGroup;
			children = (
				EBA8869D26BBBB16000ABF50 /* ContentView.swift */,
				EBA886AA26BBBB33000ABF50 /* ExerciseView.swift */,
				EBA886AC26BBBBC7000ABF50 /* WelcomeView.swift */,
			);
			path = Views;
			sourceTree = "<group>";
		};
		EBA8868F26BBBB16000ABF50 = {
			isa = PBXGroup;
			children = (
				EBA8869A26BBBB16000ABF50 /* Paged */,
				EBA8869926BBBB16000ABF50 /* Products */,
			);
			sourceTree = "<group>";
		};
		EBA8869926BBBB16000ABF50 /* Products */ = {
			isa = PBXGroup;
			children = (
				EBA8869826BBBB16000ABF50 /* Paged.app */,
			);
			name = Products;
			sourceTree = "<group>";
		};
		EBA8869A26BBBB16000ABF50 /* Paged */ = {
			isa = PBXGroup;
			children = (
				EBA8869B26BBBB16000ABF50 /* PagedApp.swift */,
				EB0E076826BBC0BC0080BFD4 /* Views */,
				EBA8869F26BBBB17000ABF50 /* Assets.xcassets */,
				EBA886A426BBBB17000ABF50 /* Info.plist */,
				EBA886A126BBBB17000ABF50 /* Preview Content */,
			);
			path = Paged;
			sourceTree = "<group>";
		};
		EBA886A126BBBB17000ABF50 /* Preview Content */ = {
			isa = PBXGroup;
			children = (
				EBA886A226BBBB17000ABF50 /* Preview Assets.xcassets */,
			);
			path = "Preview Content";
			sourceTree = "<group>";
		};
/* End PBXGroup section */

/* Begin PBXNativeTarget section */
		EBA8869726BBBB16000ABF50 /* Paged */ = {
			isa = PBXNativeTarget;
			buildConfigurationList = EBA886A726BBBB17000ABF50 /* Build configuration list for PBXNativeTarget "Paged" */;
			buildPhases = (
				EBA8869426BBBB16000ABF50 /* Sources */,
				EBA8869526BBBB16000ABF50 /* Frameworks */,
				EBA8869626BBBB16000ABF50 /* Resources */,
			);
			buildRules = (
			);
			dependencies = (
			);
			name = Paged;
			productName = Paged;
			productReference = EBA8869826BBBB16000ABF50 /* Paged.app */;
			productType = "com.apple.product-type.application";
		};
/* End PBXNativeTarget section */

/* Begin PBXProject section */
		EBA8869026BBBB16000ABF50 /* Project object */ = {
			isa = PBXProject;
			attributes = {
				LastSwiftUpdateCheck = 1250;
				LastUpgradeCheck = 1250;
				TargetAttributes = {
					EBA8869726BBBB16000ABF50 = {
						CreatedOnToolsVersion = 12.5.1;
					};
				};
			};
			buildConfigurationList = EBA8869326BBBB16000ABF50 /* Build configuration list for PBXProject "Paged" */;
			compatibilityVersion = "Xcode 9.3";
			developmentRegion = en;
			hasScannedForEncodings = 0;
			knownRegions = (
				en,
				Base,
			);
			mainGroup = EBA8868F26BBBB16000ABF50;
			productRefGroup = EBA8869926BBBB16000ABF50 /* Products */;
			projectDirPath = "";
			projectRoot = "";
			targets = (
				EBA8869726BBBB16000ABF50 /* Paged */,
			);
		};
/* End PBXProject section */

/* Begin PBXResourcesBuildPhase section */
		EBA8869626BBBB16000ABF50 /* Resources */ = {
			isa = PBXResourcesBuildPhase;
			buildActionMask = 2147483647;
			files = (
				EBA886A326BBBB17000ABF50 /* Preview Assets.xcassets in Resources */,
				EBA886A026BBBB17000ABF50 /* Assets.xcassets in Resources */,
			);
			runOnlyForDeploymentPostprocessing = 0;
		};
/* End PBXResourcesBuildPhase section */

/* Begin PBXSourcesBuildPhase section */
		EBA8869426BBBB16000ABF50 /* Sources */ = {
			isa = PBXSourcesBuildPhase;
			buildActionMask = 2147483647;
			files = (
				EBA886AB26BBBB33000ABF50 /* ExerciseView.swift in Sources */,
				EBA8869E26BBBB16000ABF50 /* ContentView.swift in Sources */,
				EBA8869C26BBBB16000ABF50 /* PagedApp.swift in Sources */,
				EBA886AD26BBBBC7000ABF50 /* WelcomeView.swift in Sources */,
			);
			runOnlyForDeploymentPostprocessing = 0;
		};
/* End PBXSourcesBuildPhase section */

/* Begin XCBuildConfiguration section */
		EBA886A526BBBB17000ABF50 /* Debug */ = {
			isa = XCBuildConfiguration;
			buildSettings = {
				ALWAYS_SEARCH_USER_PATHS = NO;
				CLANG_ANALYZER_NONNULL = YES;
				CLANG_ANALYZER_NUMBER_OBJECT_CONVERSION = YES_AGGRESSIVE;
				CLANG_CXX_LANGUAGE_STANDARD = "gnu++14";
				CLANG_CXX_LIBRARY = "libc++";
				CLANG_ENABLE_MODULES = YES;
				CLANG_ENABLE_OBJC_ARC = YES;
				CLANG_ENABLE_OBJC_WEAK = YES;
				CLANG_WARN_BLOCK_CAPTURE_AUTORELEASING = YES;
				CLANG_WARN_BOOL_CONVERSION = YES;
				CLANG_WARN_COMMA = YES;
				CLANG_WARN_CONSTANT_CONVERSION = YES;
				CLANG_WARN_DEPRECATED_OBJC_IMPLEMENTATIONS = YES;
				CLANG_WARN_DIRECT_OBJC_ISA_USAGE = YES_ERROR;
				CLANG_WARN_DOCUMENTATION_COMMENTS = YES;
				CLANG_WARN_EMPTY_BODY = YES;
				CLANG_WARN_ENUM_CONVERSION = YES;
				CLANG_WARN_INFINITE_RECURSION = YES;
				CLANG_WARN_INT_CONVERSION = YES;
				CLANG_WARN_NON_LITERAL_NULL_CONVERSION = YES;
				CLANG_WARN_OBJC_IMPLICIT_RETAIN_SELF = YES;
				CLANG_WARN_OBJC_LITERAL_CONVERSION = YES;
				CLANG_WARN_OBJC_ROOT_CLASS = YES_ERROR;
				CLANG_WARN_QUOTED_INCLUDE_IN_FRAMEWORK_HEADER = YES;
				CLANG_WARN_RANGE_LOOP_ANALYSIS = YES;
				CLANG_WARN_STRICT_PROTOTYPES = YES;
				CLANG_WARN_SUSPICIOUS_MOVE = YES;
				CLANG_WARN_UNGUARDED_AVAILABILITY = YES_AGGRESSIVE;
				CLANG_WARN_UNREACHABLE_CODE = YES;
				CLANG_WARN__DUPLICATE_METHOD_MATCH = YES;
				COPY_PHASE_STRIP = NO;
				DEBUG_INFORMATION_FORMAT = dwarf;
				ENABLE_STRICT_OBJC_MSGSEND = YES;
				ENABLE_TESTABILITY = YES;
				GCC_C_LANGUAGE_STANDARD = gnu11;
				GCC_DYNAMIC_NO_PIC = NO;
				GCC_NO_COMMON_BLOCKS = YES;
				GCC_OPTIMIZATION_LEVEL = 0;
				GCC_PREPROCESSOR_DEFINITIONS = (
					"DEBUG=1",
					"$(inherited)",
				);
				GCC_WARN_64_TO_32_BIT_CONVERSION = YES;
				GCC_WARN_ABOUT_RETURN_TYPE = YES_ERROR;
				GCC_WARN_UNDECLARED_SELECTOR = YES;
				GCC_WARN_UNINITIALIZED_AUTOS = YES_AGGRESSIVE;
				GCC_WARN_UNUSED_FUNCTION = YES;
				GCC_WARN_UNUSED_VARIABLE = YES;
				IPHONEOS_DEPLOYMENT_TARGET = 14.5;
				MTL_ENABLE_DEBUG_INFO = INCLUDE_SOURCE;
				MTL_FAST_MATH = YES;
				ONLY_ACTIVE_ARCH = YES;
				SDKROOT = iphoneos;
				SWIFT_ACTIVE_COMPILATION_CONDITIONS = DEBUG;
				SWIFT_OPTIMIZATION_LEVEL = "-Onone";
			};
			name = Debug;
		};
		EBA886A626BBBB17000ABF50 /* Release */ = {
			isa = XCBuildConfiguration;
			buildSettings = {
				ALWAYS_SEARCH_USER_PATHS = NO;
				CLANG_ANALYZER_NONNULL = YES;
				CLANG_ANALYZER_NUMBER_OBJECT_CONVERSION = YES_AGGRESSIVE;
				CLANG_CXX_LANGUAGE_STANDARD = "gnu++14";
				CLANG_CXX_LIBRARY = "libc++";
				CLANG_ENABLE_MODULES = YES;
				CLANG_ENABLE_OBJC_ARC = YES;
				CLANG_ENABLE_OBJC_WEAK = YES;
				CLANG_WARN_BLOCK_CAPTURE_AUTORELEASING = YES;
				CLANG_WARN_BOOL_CONVERSION = YES;
				CLANG_WARN_COMMA = YES;
				CLANG_WARN_CONSTANT_CONVERSION = YES;
				CLANG_WARN_DEPRECATED_OBJC_IMPLEMENTATIONS = YES;
				CLANG_WARN_DIRECT_OBJC_ISA_USAGE = YES_ERROR;
				CLANG_WARN_DOCUMENTATION_COMMENTS = YES;
				CLANG_WARN_EMPTY_BODY = YES;
				CLANG_WARN_ENUM_CONVERSION = YES;
				CLANG_WARN_INFINITE_RECURSION = YES;
				CLANG_WARN_INT_CONVERSION = YES;
				CLANG_WARN_NON_LITERAL_NULL_CONVERSION = YES;
				CLANG_WARN_OBJC_IMPLICIT_RETAIN_SELF = YES;
				CLANG_WARN_OBJC_LITERAL_CONVERSION = YES;
				CLANG_WARN_OBJC_ROOT_CLASS = YES_ERROR;
				CLANG_WARN_QUOTED_INCLUDE_IN_FRAMEWORK_HEADER = YES;
				CLANG_WARN_RANGE_LOOP_ANALYSIS = YES;
				CLANG_WARN_STRICT_PROTOTYPES = YES;
				CLANG_WARN_SUSPICIOUS_MOVE = YES;
				CLANG_WARN_UNGUARDED_AVAILABILITY = YES_AGGRESSIVE;
				CLANG_WARN_UNREACHABLE_CODE = YES;
				CLANG_WARN__DUPLICATE_METHOD_MATCH = YES;
				COPY_PHASE_STRIP = NO;
				DEBUG_INFORMATION_FORMAT = "dwarf-with-dsym";
				ENABLE_NS_ASSERTIONS = NO;
				ENABLE_STRICT_OBJC_MSGSEND = YES;
				GCC_C_LANGUAGE_STANDARD = gnu11;
				GCC_NO_COMMON_BLOCKS = YES;
				GCC_WARN_64_TO_32_BIT_CONVERSION = YES;
				GCC_WARN_ABOUT_RETURN_TYPE = YES_ERROR;
				GCC_WARN_UNDECLARED_SELECTOR = YES;
				GCC_WARN_UNINITIALIZED_AUTOS = YES_AGGRESSIVE;
				GCC_WARN_UNUSED_FUNCTION = YES;
				GCC_WARN_UNUSED_VARIABLE = YES;
				IPHONEOS_DEPLOYMENT_TARGET = 14.5;
				MTL_ENABLE_DEBUG_INFO = NO;
				MTL_FAST_MATH = YES;
				SDKROOT = iphoneos;
				SWIFT_COMPILATION_MODE = wholemodule;
				SWIFT_OPTIMIZATION_LEVEL = "-O";
				VALIDATE_PRODUCT = YES;
			};
			name = Release;
		};
		EBA886A826BBBB17000ABF50 /* Debug */ = {
			isa = XCBuildConfiguration;
			buildSettings = {
				ASSETCATALOG_COMPILER_APPICON_NAME = AppIcon;
				ASSETCATALOG_COMPILER_GLOBAL_ACCENT_COLOR_NAME = AccentColor;
				CODE_SIGN_STYLE = Automatic;
				DEVELOPMENT_ASSET_PATHS = "\"Paged/Preview Content\"";
				ENABLE_PREVIEWS = YES;
				INFOPLIST_FILE = Paged/Info.plist;
				IPHONEOS_DEPLOYMENT_TARGET = 14.0;
				LD_RUNPATH_SEARCH_PATHS = (
					"$(inherited)",
					"@executable_path/Frameworks",
				);
				PRODUCT_BUNDLE_IDENTIFIER = pefacel.Paged;
				PRODUCT_NAME = "$(TARGET_NAME)";
				SWIFT_VERSION = 5.0;
				TARGETED_DEVICE_FAMILY = "1,2";
			};
			name = Debug;
		};
		EBA886A926BBBB17000ABF50 /* Release */ = {
			isa = XCBuildConfiguration;
			buildSettings = {
				ASSETCATALOG_COMPILER_APPICON_NAME = AppIcon;
				ASSETCATALOG_COMPILER_GLOBAL_ACCENT_COLOR_NAME = AccentColor;
				CODE_SIGN_STYLE = Automatic;
				DEVELOPMENT_ASSET_PATHS = "\"Paged/Preview Content\"";
				ENABLE_PREVIEWS = YES;
				INFOPLIST_FILE = Paged/Info.plist;
				IPHONEOS_DEPLOYMENT_TARGET = 14.0;
				LD_RUNPATH_SEARCH_PATHS = (
					"$(inherited)",
					"@executable_path/Frameworks",
				);
				PRODUCT_BUNDLE_IDENTIFIER = pefacel.Paged;
				PRODUCT_NAME = "$(TARGET_NAME)";
				SWIFT_VERSION = 5.0;
				TARGETED_DEVICE_FAMILY = "1,2";
			};
			name = Release;
		};
/* End XCBuildConfiguration section */

/* Begin XCConfigurationList section */
		EBA8869326BBBB16000ABF50 /* Build configuration list for PBXProject "Paged" */ = {
			isa = XCConfigurationList;
			buildConfigurations = (
				EBA886A526BBBB17000ABF50 /* Debug */,
				EBA886A626BBBB17000ABF50 /* Release */,
			);
			defaultConfigurationIsVisible = 0;
			defaultConfigurationName = Release;
		};
		EBA886A726BBBB17000ABF50 /* Build configuration list for PBXNativeTarget "Paged" */ = {
			isa = XCConfigurationList;
			buildConfigurations = (
				EBA886A826BBBB17000ABF50 /* Debug */,
				EBA886A926BBBB17000ABF50 /* Release */,
			);
			defaultConfigurationIsVisible = 0;
			defaultConfigurationName = Release;
		};
/* End XCConfigurationList section */
	};
	rootObject = EBA8869026BBBB16000ABF50 /* Project object */;
}
